
Microsoft Visual Studio Solution File, Format Version 12.00
# Visual Studio Version 16
VisualStudioVersion = 16.0.31410.357
MinimumVisualStudioVersion = 10.0.40219.1
Project("{FAE04EC0-301F-11D3-BF4B-00C04F79EFBC}") = "PublisherAndBooks", "PublisherAndBooks\PublisherAndBooks.csproj", "{4DDC5F7E-AE0F-4C1C-918B-F74B33FF8DCF}"
EndProject
Global
	GlobalSection(SolutionConfigurationPlatforms) = preSolution
		Debug|Any CPU = Debug|Any CPU
		Release|Any CPU = Release|Any CPU
	EndGlobalSection
	GlobalSection(ProjectConfigurationPlatforms) = postSolution
		{4DDC5F7E-AE0F-4C1C-918B-F74B33FF8DCF}.Debug|Any CPU.ActiveCfg = Debug|Any CPU
		{4DDC5F7E-AE0F-4C1C-918B-F74B33FF8DCF}.Debug|Any CPU.Build.0 = Debug|Any CPU
		{4DDC5F7E-AE0F-4C1C-918B-F74B33FF8DCF}.Release|Any CPU.ActiveCfg = Release|Any CPU
		{4DDC5F7E-AE0F-4C1C-918B-F74B33FF8DCF}.Release|Any CPU.Build.0 = Release|Any CPU
	EndGlobalSection
	GlobalSection(SolutionProperties) = preSolution
		HideSolutionNode = FALSE
	EndGlobalSection
	GlobalSection(ExtensibilityGlobals) = postSolution
		SolutionGuid = {9F245A5B-D117-4494-ACEF-06CA9CE5E6A3}
	EndGlobalSection
EndGlobal
